# THIS IS AN AUTOGENERATED FILE. DO NOT EDIT THIS FILE DIRECTLY.
# yarn lockfile v1


debug@^3.0.1:
  version "3.2.7"
  resolved "https://registry.yarnpkg.com/debug/-/debug-3.2.7.tgz#72580b7e9145fb39b6676f9c5e5fb100b934179a"
  integrity sha512-CFjzYYAi4ThfiQvizrFQevTTXHtnCqWfe7x1AhgEscTz6ZbLbfoLRLPugTQyBth6f8ZERVUSyWHFD/7Wu4t1XQ==
  dependencies:
    ms "^2.1.1"

hcl-to-json@^0.1.1:
  version "0.1.1"
  resolved "https://registry.yarnpkg.com/hcl-to-json/-/hcl-to-json-0.1.1.tgz#39674aa2a5a4d2b4c2b6762c8196af4af4f12903"
  integrity sha512-sj1RPsdgX/ilBGZGnyjbSHQbRe20hyA6VDXYBGJedHSCdwSWkr/7tr85N7FGeM7KvBjIQX7Gl897bo0Ug73Z/A==
  dependencies:
    debug "^3.0.1"
    lodash.get "^4.4.2"
    lodash.set "^4.3.2"

lodash.get@^4.4.2:
  version "4.4.2"
  resolved "https://registry.yarnpkg.com/lodash.get/-/lodash.get-4.4.2.tgz#2d177f652fa31e939b4438d5341499dfa3825e99"
  integrity sha1-LRd/ZS+jHpObRDjVNBSZ36OCXpk=

lodash.set@^4.3.2:
  version "4.3.2"
  resolved "https://registry.yarnpkg.com/lodash.set/-/lodash.set-4.3.2.tgz#d8757b1da807dde24816b0d6a84bea1a76230b23"
  integrity sha1-2HV7HagH3eJIFrDWqEvqGnYjCyM=

ms@^2.1.1:
  version "2.1.3"
  resolved "https://registry.yarnpkg.com/ms/-/ms-2.1.3.tgz#574c8138ce1d2b5861f0b44579dbadd60c6615b2"
  integrity sha512-6FlzubTLZG3J2a/NVCAleEhjzq5oxgHyaCU9yYXvcLsvoVaHJq/s5xXI6/XXP6tz7R9xAOtHnSO/tXtF3WRTlA==
